
Microsoft Visual Studio Solution File, Format Version 12.00
# Visual Studio 15
VisualStudioVersion = 15.0.28010.2003
MinimumVisualStudioVersion = 10.0.40219.1
Project("{9A19103F-16F7-4668-BE54-9A1E7A4F7556}") = "MyXunitProject", "MyXunitProject.csproj", "{570FD406-EDD3-4048-8901-0B2BBAE2E3E5}"
EndProject
Global
	GlobalSection(SolutionConfigurationPlatforms) = preSolution
		Debug|Any CPU = Debug|Any CPU
		Release|Any CPU = Release|Any CPU
	EndGlobalSection
	GlobalSection(ProjectConfigurationPlatforms) = postSolution
		{570FD406-EDD3-4048-8901-0B2BBAE2E3E5}.Debug|Any CPU.ActiveCfg = Debug|Any CPU
		{570FD406-EDD3-4048-8901-0B2BBAE2E3E5}.Debug|Any CPU.Build.0 = Debug|Any CPU
		{570FD406-EDD3-4048-8901-0B2BBAE2E3E5}.Release|Any CPU.ActiveCfg = Release|Any CPU
		{570FD406-EDD3-4048-8901-0B2BBAE2E3E5}.Release|Any CPU.Build.0 = Release|Any CPU
	EndGlobalSection
	GlobalSection(SolutionProperties) = preSolution
		HideSolutionNode = FALSE
	EndGlobalSection
	GlobalSection(ExtensibilityGlobals) = postSolution
		SolutionGuid = {84A80FCE-31A2-436D-9802-A673545323D5}
	EndGlobalSection
EndGlobal
